// !$*UTF8*$!
{
	archiveVersion = 1;
	classes = {
	};
	objectVersion = 55;
	objects = {

/* Begin PBXBuildFile section */
		5F2AFA0C283D5F7D00EBA6E8 /* UIKit+Exstenstions.swift in Sources */ = {isa = PBXBuildFile; fileRef = 5F2AFA0B283D5F7D00EBA6E8 /* UIKit+Exstenstions.swift */; };
		5F2AFA0E283D652100EBA6E8 /* ViewController.swift in Sources */ = {isa = PBXBuildFile; fileRef = 5F2AFA0D283D652100EBA6E8 /* ViewController.swift */; };
		5F2AFA10283D720F00EBA6E8 /* MainNavigationController.swift in Sources */ = {isa = PBXBuildFile; fileRef = 5F2AFA0F283D720F00EBA6E8 /* MainNavigationController.swift */; };
		5F2AFA12283D7F1E00EBA6E8 /* UserDefaults+Helpers.swift in Sources */ = {isa = PBXBuildFile; fileRef = 5F2AFA11283D7F1E00EBA6E8 /* UserDefaults+Helpers.swift */; };
		5F61B7472838E8B7009704CE /* AppDelegate.swift in Sources */ = {isa = PBXBuildFile; fileRef = 5F61B7462838E8B7009704CE /* AppDelegate.swift */; };
		5F61B7492838E8B7009704CE /* SceneDelegate.swift in Sources */ = {isa = PBXBuildFile; fileRef = 5F61B7482838E8B7009704CE /* SceneDelegate.swift */; };
		5F61B74B2838E8B7009704CE /* AuthVC.swift in Sources */ = {isa = PBXBuildFile; fileRef = 5F61B74A2838E8B7009704CE /* AuthVC.swift */; };
		5F61B74E2838E8B7009704CE /* Main.storyboard in Resources */ = {isa = PBXBuildFile; fileRef = 5F61B74C2838E8B7009704CE /* Main.storyboard */; };
		5F61B7502838E8B8009704CE /* Assets.xcassets in Resources */ = {isa = PBXBuildFile; fileRef = 5F61B74F2838E8B8009704CE /* Assets.xcassets */; };
		5F61B7532838E8B8009704CE /* LaunchScreen.storyboard in Resources */ = {isa = PBXBuildFile; fileRef = 5F61B7512838E8B8009704CE /* LaunchScreen.storyboard */; };
		5FB10DC5283B73A200FEB658 /* SnapKit in Frameworks */ = {isa = PBXBuildFile; productRef = 5FB10DC4283B73A200FEB658 /* SnapKit */; };
		5FB10DC9283B78D600FEB658 /* WelcomeVC.swift in Sources */ = {isa = PBXBuildFile; fileRef = 5FB10DC8283B78D600FEB658 /* WelcomeVC.swift */; };
		5FB10DCB283B83B300FEB658 /* GoogleService-Info.plist in Resources */ = {isa = PBXBuildFile; fileRef = 5FB10DCA283B83B300FEB658 /* GoogleService-Info.plist */; };
		5FD42E05283AD13700A63FCC /* FirebaseAuth in Frameworks */ = {isa = PBXBuildFile; productRef = 5FD42E04283AD13700A63FCC /* FirebaseAuth */; };
/* End PBXBuildFile section */

/* Begin PBXFileReference section */
		5F2AFA0B283D5F7D00EBA6E8 /* UIKit+Exstenstions.swift */ = {isa = PBXFileReference; lastKnownFileType = sourcecode.swift; path = "UIKit+Exstenstions.swift"; sourceTree = "<group>"; };
		5F2AFA0D283D652100EBA6E8 /* ViewController.swift */ = {isa = PBXFileReference; lastKnownFileType = sourcecode.swift; path = ViewController.swift; sourceTree = "<group>"; };
		5F2AFA0F283D720F00EBA6E8 /* MainNavigationController.swift */ = {isa = PBXFileReference; lastKnownFileType = sourcecode.swift; path = MainNavigationController.swift; sourceTree = "<group>"; };
		5F2AFA11283D7F1E00EBA6E8 /* UserDefaults+Helpers.swift */ = {isa = PBXFileReference; lastKnownFileType = sourcecode.swift; path = "UserDefaults+Helpers.swift"; sourceTree = "<group>"; };
		5F61B7432838E8B7009704CE /* iOSAcademyProject.app */ = {isa = PBXFileReference; explicitFileType = wrapper.application; includeInIndex = 0; path = iOSAcademyProject.app; sourceTree = BUILT_PRODUCTS_DIR; };
		5F61B7462838E8B7009704CE /* AppDelegate.swift */ = {isa = PBXFileReference; lastKnownFileType = sourcecode.swift; path = AppDelegate.swift; sourceTree = "<group>"; };
		5F61B7482838E8B7009704CE /* SceneDelegate.swift */ = {isa = PBXFileReference; lastKnownFileType = sourcecode.swift; path = SceneDelegate.swift; sourceTree = "<group>"; };
		5F61B74A2838E8B7009704CE /* AuthVC.swift */ = {isa = PBXFileReference; lastKnownFileType = sourcecode.swift; path = AuthVC.swift; sourceTree = "<group>"; };
		5F61B74D2838E8B7009704CE /* Base */ = {isa = PBXFileReference; lastKnownFileType = file.storyboard; name = Base; path = Base.lproj/Main.storyboard; sourceTree = "<group>"; };
		5F61B74F2838E8B8009704CE /* Assets.xcassets */ = {isa = PBXFileReference; lastKnownFileType = folder.assetcatalog; path = Assets.xcassets; sourceTree = "<group>"; };
		5F61B7522838E8B8009704CE /* Base */ = {isa = PBXFileReference; lastKnownFileType = file.storyboard; name = Base; path = Base.lproj/LaunchScreen.storyboard; sourceTree = "<group>"; };
		5F61B7542838E8B8009704CE /* Info.plist */ = {isa = PBXFileReference; lastKnownFileType = text.plist.xml; path = Info.plist; sourceTree = "<group>"; };
		5FB10DC8283B78D600FEB658 /* WelcomeVC.swift */ = {isa = PBXFileReference; lastKnownFileType = sourcecode.swift; path = WelcomeVC.swift; sourceTree = "<group>"; };
		5FB10DCA283B83B300FEB658 /* GoogleService-Info.plist */ = {isa = PBXFileReference; fileEncoding = 4; lastKnownFileType = text.plist.xml; path = "GoogleService-Info.plist"; sourceTree = "<group>"; };
/* End PBXFileReference section */

/* Begin PBXFrameworksBuildPhase section */
		5F61B7402838E8B7009704CE /* Frameworks */ = {
			isa = PBXFrameworksBuildPhase;
			buildActionMask = 2147483647;
			files = (
				5FD42E05283AD13700A63FCC /* FirebaseAuth in Frameworks */,
				5FB10DC5283B73A200FEB658 /* SnapKit in Frameworks */,
			);
			runOnlyForDeploymentPostprocessing = 0;
		};
/* End PBXFrameworksBuildPhase section */

/* Begin PBXGroup section */
		5F2AFA13283D81F700EBA6E8 /* ViewControllers */ = {
			isa = PBXGroup;
			children = (
				5FB10DC8283B78D600FEB658 /* WelcomeVC.swift */,
				5F61B74A2838E8B7009704CE /* AuthVC.swift */,
				5F2AFA0F283D720F00EBA6E8 /* MainNavigationController.swift */,
				5F2AFA0D283D652100EBA6E8 /* ViewController.swift */,
			);
			path = ViewControllers;
			sourceTree = "<group>";
		};
		5F2AFA14283D820000EBA6E8 /* Extenstions */ = {
			isa = PBXGroup;
			children = (
				5F2AFA0B283D5F7D00EBA6E8 /* UIKit+Exstenstions.swift */,
				5F2AFA11283D7F1E00EBA6E8 /* UserDefaults+Helpers.swift */,
			);
			path = Extenstions;
			sourceTree = "<group>";
		};
		5F2AFA15283D820800EBA6E8 /* initialization */ = {
			isa = PBXGroup;
			children = (
				5F61B7462838E8B7009704CE /* AppDelegate.swift */,
				5F61B7482838E8B7009704CE /* SceneDelegate.swift */,
			);
			path = initialization;
			sourceTree = "<group>";
		};
		5F61B73A2838E8B7009704CE = {
			isa = PBXGroup;
			children = (
				5F61B7452838E8B7009704CE /* iOSAcademyProject */,
				5F61B7442838E8B7009704CE /* Products */,
			);
			sourceTree = "<group>";
		};
		5F61B7442838E8B7009704CE /* Products */ = {
			isa = PBXGroup;
			children = (
				5F61B7432838E8B7009704CE /* iOSAcademyProject.app */,
			);
			name = Products;
			sourceTree = "<group>";
		};
		5F61B7452838E8B7009704CE /* iOSAcademyProject */ = {
			isa = PBXGroup;
			children = (
				5FB10DCA283B83B300FEB658 /* GoogleService-Info.plist */,
				5F61B7542838E8B8009704CE /* Info.plist */,
				5F2AFA15283D820800EBA6E8 /* initialization */,
				5F2AFA13283D81F700EBA6E8 /* ViewControllers */,
				5F2AFA14283D820000EBA6E8 /* Extenstions */,
				5F61B74C2838E8B7009704CE /* Main.storyboard */,
				5F61B74F2838E8B8009704CE /* Assets.xcassets */,
				5F61B7512838E8B8009704CE /* LaunchScreen.storyboard */,
			);
			path = iOSAcademyProject;
			sourceTree = "<group>";
		};
/* End PBXGroup section */

/* Begin PBXNativeTarget section */
		5F61B7422838E8B7009704CE /* iOSAcademyProject */ = {
			isa = PBXNativeTarget;
			buildConfigurationList = 5F61B7572838E8B8009704CE /* Build configuration list for PBXNativeTarget "iOSAcademyProject" */;
			buildPhases = (
				5F61B73F2838E8B7009704CE /* Sources */,
				5F61B7402838E8B7009704CE /* Frameworks */,
				5F61B7412838E8B7009704CE /* Resources */,
			);
			buildRules = (
			);
			dependencies = (
			);
			name = iOSAcademyProject;
			packageProductDependencies = (
				5FD42E04283AD13700A63FCC /* FirebaseAuth */,
				5FB10DC4283B73A200FEB658 /* SnapKit */,
			);
			productName = iOSAcademyProject;
			productReference = 5F61B7432838E8B7009704CE /* iOSAcademyProject.app */;
			productType = "com.apple.product-type.application";
		};
/* End PBXNativeTarget section */

/* Begin PBXProject section */
		5F61B73B2838E8B7009704CE /* Project object */ = {
			isa = PBXProject;
			attributes = {
				BuildIndependentTargetsInParallel = 1;
				LastSwiftUpdateCheck = 1330;
				LastUpgradeCheck = 1330;
				TargetAttributes = {
					5F61B7422838E8B7009704CE = {
						CreatedOnToolsVersion = 13.3.1;
					};
				};
			};
			buildConfigurationList = 5F61B73E2838E8B7009704CE /* Build configuration list for PBXProject "iOSAcademyProject" */;
			compatibilityVersion = "Xcode 13.0";
			developmentRegion = en;
			hasScannedForEncodings = 0;
			knownRegions = (
				en,
				Base,
			);
			mainGroup = 5F61B73A2838E8B7009704CE;
			packageReferences = (
				5FD42E03283AD13700A63FCC /* XCRemoteSwiftPackageReference "firebase-ios-sdk" */,
				5FB10DC3283B73A200FEB658 /* XCRemoteSwiftPackageReference "SnapKit" */,
			);
			productRefGroup = 5F61B7442838E8B7009704CE /* Products */;
			projectDirPath = "";
			projectRoot = "";
			targets = (
				5F61B7422838E8B7009704CE /* iOSAcademyProject */,
			);
		};
/* End PBXProject section */

/* Begin PBXResourcesBuildPhase section */
		5F61B7412838E8B7009704CE /* Resources */ = {
			isa = PBXResourcesBuildPhase;
			buildActionMask = 2147483647;
			files = (
				5FB10DCB283B83B300FEB658 /* GoogleService-Info.plist in Resources */,
				5F61B7532838E8B8009704CE /* LaunchScreen.storyboard in Resources */,
				5F61B7502838E8B8009704CE /* Assets.xcassets in Resources */,
				5F61B74E2838E8B7009704CE /* Main.storyboard in Resources */,
			);
			runOnlyForDeploymentPostprocessing = 0;
		};
/* End PBXResourcesBuildPhase section */

/* Begin PBXSourcesBuildPhase section */
		5F61B73F2838E8B7009704CE /* Sources */ = {
			isa = PBXSourcesBuildPhase;
			buildActionMask = 2147483647;
			files = (
				5F2AFA0E283D652100EBA6E8 /* ViewController.swift in Sources */,
				5F61B74B2838E8B7009704CE /* AuthVC.swift in Sources */,
				5F2AFA12283D7F1E00EBA6E8 /* UserDefaults+Helpers.swift in Sources */,
				5F61B7472838E8B7009704CE /* AppDelegate.swift in Sources */,
				5F61B7492838E8B7009704CE /* SceneDelegate.swift in Sources */,
				5F2AFA10283D720F00EBA6E8 /* MainNavigationController.swift in Sources */,
				5FB10DC9283B78D600FEB658 /* WelcomeVC.swift in Sources */,
				5F2AFA0C283D5F7D00EBA6E8 /* UIKit+Exstenstions.swift in Sources */,
			);
			runOnlyForDeploymentPostprocessing = 0;
		};
/* End PBXSourcesBuildPhase section */

/* Begin PBXVariantGroup section */
		5F61B74C2838E8B7009704CE /* Main.storyboard */ = {
			isa = PBXVariantGroup;
			children = (
				5F61B74D2838E8B7009704CE /* Base */,
			);
			name = Main.storyboard;
			sourceTree = "<group>";
		};
		5F61B7512838E8B8009704CE /* LaunchScreen.storyboard */ = {
			isa = PBXVariantGroup;
			children = (
				5F61B7522838E8B8009704CE /* Base */,
			);
			name = LaunchScreen.storyboard;
			sourceTree = "<group>";
		};
/* End PBXVariantGroup section */

/* Begin XCBuildConfiguration section */
		5F61B7552838E8B8009704CE /* Debug */ = {
			isa = XCBuildConfiguration;
			buildSettings = {
				ALWAYS_SEARCH_USER_PATHS = NO;
				CLANG_ANALYZER_NONNULL = YES;
				CLANG_ANALYZER_NUMBER_OBJECT_CONVERSION = YES_AGGRESSIVE;
				CLANG_CXX_LANGUAGE_STANDARD = "gnu++17";
				CLANG_ENABLE_MODULES = YES;
				CLANG_ENABLE_OBJC_ARC = YES;
				CLANG_ENABLE_OBJC_WEAK = YES;
				CLANG_WARN_BLOCK_CAPTURE_AUTORELEASING = YES;
				CLANG_WARN_BOOL_CONVERSION = YES;
				CLANG_WARN_COMMA = YES;
				CLANG_WARN_CONSTANT_CONVERSION = YES;
				CLANG_WARN_DEPRECATED_OBJC_IMPLEMENTATIONS = YES;
				CLANG_WARN_DIRECT_OBJC_ISA_USAGE = YES_ERROR;
				CLANG_WARN_DOCUMENTATION_COMMENTS = YES;
				CLANG_WARN_EMPTY_BODY = YES;
				CLANG_WARN_ENUM_CONVERSION = YES;
				CLANG_WARN_INFINITE_RECURSION = YES;
				CLANG_WARN_INT_CONVERSION = YES;
				CLANG_WARN_NON_LITERAL_NULL_CONVERSION = YES;
				CLANG_WARN_OBJC_IMPLICIT_RETAIN_SELF = YES;
				CLANG_WARN_OBJC_LITERAL_CONVERSION = YES;
				CLANG_WARN_OBJC_ROOT_CLASS = YES_ERROR;
				CLANG_WARN_QUOTED_INCLUDE_IN_FRAMEWORK_HEADER = YES;
				CLANG_WARN_RANGE_LOOP_ANALYSIS = YES;
				CLANG_WARN_STRICT_PROTOTYPES = YES;
				CLANG_WARN_SUSPICIOUS_MOVE = YES;
				CLANG_WARN_UNGUARDED_AVAILABILITY = YES_AGGRESSIVE;
				CLANG_WARN_UNREACHABLE_CODE = YES;
				CLANG_WARN__DUPLICATE_METHOD_MATCH = YES;
				COPY_PHASE_STRIP = NO;
				DEBUG_INFORMATION_FORMAT = dwarf;
				ENABLE_STRICT_OBJC_MSGSEND = YES;
				ENABLE_TESTABILITY = YES;
				GCC_C_LANGUAGE_STANDARD = gnu11;
				GCC_DYNAMIC_NO_PIC = NO;
				GCC_NO_COMMON_BLOCKS = YES;
				GCC_OPTIMIZATION_LEVEL = 0;
				GCC_PREPROCESSOR_DEFINITIONS = (
					"DEBUG=1",
					"$(inherited)",
				);
				GCC_WARN_64_TO_32_BIT_CONVERSION = YES;
				GCC_WARN_ABOUT_RETURN_TYPE = YES_ERROR;
				GCC_WARN_UNDECLARED_SELECTOR = YES;
				GCC_WARN_UNINITIALIZED_AUTOS = YES_AGGRESSIVE;
				GCC_WARN_UNUSED_FUNCTION = YES;
				GCC_WARN_UNUSED_VARIABLE = YES;
				IPHONEOS_DEPLOYMENT_TARGET = 15.4;
				MTL_ENABLE_DEBUG_INFO = INCLUDE_SOURCE;
				MTL_FAST_MATH = YES;
				ONLY_ACTIVE_ARCH = YES;
				SDKROOT = iphoneos;
				SWIFT_ACTIVE_COMPILATION_CONDITIONS = DEBUG;
				SWIFT_OPTIMIZATION_LEVEL = "-Onone";
			};
			name = Debug;
		};
		5F61B7562838E8B8009704CE /* Release */ = {
			isa = XCBuildConfiguration;
			buildSettings = {
				ALWAYS_SEARCH_USER_PATHS = NO;
				CLANG_ANALYZER_NONNULL = YES;
				CLANG_ANALYZER_NUMBER_OBJECT_CONVERSION = YES_AGGRESSIVE;
				CLANG_CXX_LANGUAGE_STANDARD = "gnu++17";
				CLANG_ENABLE_MODULES = YES;
				CLANG_ENABLE_OBJC_ARC = YES;
				CLANG_ENABLE_OBJC_WEAK = YES;
				CLANG_WARN_BLOCK_CAPTURE_AUTORELEASING = YES;
				CLANG_WARN_BOOL_CONVERSION = YES;
				CLANG_WARN_COMMA = YES;
				CLANG_WARN_CONSTANT_CONVERSION = YES;
				CLANG_WARN_DEPRECATED_OBJC_IMPLEMENTATIONS = YES;
				CLANG_WARN_DIRECT_OBJC_ISA_USAGE = YES_ERROR;
				CLANG_WARN_DOCUMENTATION_COMMENTS = YES;
				CLANG_WARN_EMPTY_BODY = YES;
				CLANG_WARN_ENUM_CONVERSION = YES;
				CLANG_WARN_INFINITE_RECURSION = YES;
				CLANG_WARN_INT_CONVERSION = YES;
				CLANG_WARN_NON_LITERAL_NULL_CONVERSION = YES;
				CLANG_WARN_OBJC_IMPLICIT_RETAIN_SELF = YES;
				CLANG_WARN_OBJC_LITERAL_CONVERSION = YES;
				CLANG_WARN_OBJC_ROOT_CLASS = YES_ERROR;
				CLANG_WARN_QUOTED_INCLUDE_IN_FRAMEWORK_HEADER = YES;
				CLANG_WARN_RANGE_LOOP_ANALYSIS = YES;
				CLANG_WARN_STRICT_PROTOTYPES = YES;
				CLANG_WARN_SUSPICIOUS_MOVE = YES;
				CLANG_WARN_UNGUARDED_AVAILABILITY = YES_AGGRESSIVE;
				CLANG_WARN_UNREACHABLE_CODE = YES;
				CLANG_WARN__DUPLICATE_METHOD_MATCH = YES;
				COPY_PHASE_STRIP = NO;
				DEBUG_INFORMATION_FORMAT = "dwarf-with-dsym";
				ENABLE_NS_ASSERTIONS = NO;
				ENABLE_STRICT_OBJC_MSGSEND = YES;
				GCC_C_LANGUAGE_STANDARD = gnu11;
				GCC_NO_COMMON_BLOCKS = YES;
				GCC_WARN_64_TO_32_BIT_CONVERSION = YES;
				GCC_WARN_ABOUT_RETURN_TYPE = YES_ERROR;
				GCC_WARN_UNDECLARED_SELECTOR = YES;
				GCC_WARN_UNINITIALIZED_AUTOS = YES_AGGRESSIVE;
				GCC_WARN_UNUSED_FUNCTION = YES;
				GCC_WARN_UNUSED_VARIABLE = YES;
				IPHONEOS_DEPLOYMENT_TARGET = 15.4;
				MTL_ENABLE_DEBUG_INFO = NO;
				MTL_FAST_MATH = YES;
				SDKROOT = iphoneos;
				SWIFT_COMPILATION_MODE = wholemodule;
				SWIFT_OPTIMIZATION_LEVEL = "-O";
				VALIDATE_PRODUCT = YES;
			};
			name = Release;
		};
		5F61B7582838E8B8009704CE /* Debug */ = {
			isa = XCBuildConfiguration;
			buildSettings = {
				ASSETCATALOG_COMPILER_APPICON_NAME = AppIcon;
				ASSETCATALOG_COMPILER_GLOBAL_ACCENT_COLOR_NAME = AccentColor;
				CODE_SIGN_STYLE = Automatic;
				CURRENT_PROJECT_VERSION = 1;
				DEVELOPMENT_TEAM = Q3JU6T27Y3;
				GENERATE_INFOPLIST_FILE = YES;
				INFOPLIST_FILE = iOSAcademyProject/Info.plist;
				INFOPLIST_KEY_UIApplicationSupportsIndirectInputEvents = YES;
				INFOPLIST_KEY_UILaunchStoryboardName = LaunchScreen;
				INFOPLIST_KEY_UISupportedInterfaceOrientations_iPad = "UIInterfaceOrientationPortrait UIInterfaceOrientationPortraitUpsideDown UIInterfaceOrientationLandscapeLeft UIInterfaceOrientationLandscapeRight";
				INFOPLIST_KEY_UISupportedInterfaceOrientations_iPhone = "UIInterfaceOrientationPortrait UIInterfaceOrientationLandscapeLeft UIInterfaceOrientationLandscapeRight";
				LD_RUNPATH_SEARCH_PATHS = (
					"$(inherited)",
					"@executable_path/Frameworks",
				);
				MARKETING_VERSION = 1.0;
				PRODUCT_BUNDLE_IDENTIFIER = com.lukinafirmetina.iOSAcademyProject;
				PRODUCT_NAME = "$(TARGET_NAME)";
				SWIFT_EMIT_LOC_STRINGS = YES;
				SWIFT_VERSION = 5.0;
				TARGETED_DEVICE_FAMILY = "1,2";
			};
			name = Debug;
		};
		5F61B7592838E8B8009704CE /* Release */ = {
			isa = XCBuildConfiguration;
			buildSettings = {
				ASSETCATALOG_COMPILER_APPICON_NAME = AppIcon;
				ASSETCATALOG_COMPILER_GLOBAL_ACCENT_COLOR_NAME = AccentColor;
				CODE_SIGN_STYLE = Automatic;
				CURRENT_PROJECT_VERSION = 1;
				DEVELOPMENT_TEAM = Q3JU6T27Y3;
				GENERATE_INFOPLIST_FILE = YES;
				INFOPLIST_FILE = iOSAcademyProject/Info.plist;
				INFOPLIST_KEY_UIApplicationSupportsIndirectInputEvents = YES;
				INFOPLIST_KEY_UILaunchStoryboardName = LaunchScreen;
				INFOPLIST_KEY_UISupportedInterfaceOrientations_iPad = "UIInterfaceOrientationPortrait UIInterfaceOrientationPortraitUpsideDown UIInterfaceOrientationLandscapeLeft UIInterfaceOrientationLandscapeRight";
				INFOPLIST_KEY_UISupportedInterfaceOrientations_iPhone = "UIInterfaceOrientationPortrait UIInterfaceOrientationLandscapeLeft UIInterfaceOrientationLandscapeRight";
				LD_RUNPATH_SEARCH_PATHS = (
					"$(inherited)",
					"@executable_path/Frameworks",
				);
				MARKETING_VERSION = 1.0;
				PRODUCT_BUNDLE_IDENTIFIER = com.lukinafirmetina.iOSAcademyProject;
				PRODUCT_NAME = "$(TARGET_NAME)";
				SWIFT_EMIT_LOC_STRINGS = YES;
				SWIFT_VERSION = 5.0;
				TARGETED_DEVICE_FAMILY = "1,2";
			};
			name = Release;
		};
/* End XCBuildConfiguration section */

/* Begin XCConfigurationList section */
		5F61B73E2838E8B7009704CE /* Build configuration list for PBXProject "iOSAcademyProject" */ = {
			isa = XCConfigurationList;
			buildConfigurations = (
				5F61B7552838E8B8009704CE /* Debug */,
				5F61B7562838E8B8009704CE /* Release */,
			);
			defaultConfigurationIsVisible = 0;
			defaultConfigurationName = Release;
		};
		5F61B7572838E8B8009704CE /* Build configuration list for PBXNativeTarget "iOSAcademyProject" */ = {
			isa = XCConfigurationList;
			buildConfigurations = (
				5F61B7582838E8B8009704CE /* Debug */,
				5F61B7592838E8B8009704CE /* Release */,
			);
			defaultConfigurationIsVisible = 0;
			defaultConfigurationName = Release;
		};
/* End XCConfigurationList section */

/* Begin XCRemoteSwiftPackageReference section */
		5FB10DC3283B73A200FEB658 /* XCRemoteSwiftPackageReference "SnapKit" */ = {
			isa = XCRemoteSwiftPackageReference;
			repositoryURL = "https://github.com/SnapKit/SnapKit.git";
			requirement = {
				branch = develop;
				kind = branch;
			};
		};
		5FD42E03283AD13700A63FCC /* XCRemoteSwiftPackageReference "firebase-ios-sdk" */ = {
			isa = XCRemoteSwiftPackageReference;
			repositoryURL = "https://github.com/firebase/firebase-ios-sdk";
			requirement = {
				kind = upToNextMajorVersion;
				minimumVersion = 9.0.0;
			};
		};
/* End XCRemoteSwiftPackageReference section */

/* Begin XCSwiftPackageProductDependency section */
		5FB10DC4283B73A200FEB658 /* SnapKit */ = {
			isa = XCSwiftPackageProductDependency;
			package = 5FB10DC3283B73A200FEB658 /* XCRemoteSwiftPackageReference "SnapKit" */;
			productName = SnapKit;
		};
		5FD42E04283AD13700A63FCC /* FirebaseAuth */ = {
			isa = XCSwiftPackageProductDependency;
			package = 5FD42E03283AD13700A63FCC /* XCRemoteSwiftPackageReference "firebase-ios-sdk" */;
			productName = FirebaseAuth;
		};
/* End XCSwiftPackageProductDependency section */
	};
	rootObject = 5F61B73B2838E8B7009704CE /* Project object */;
}
